
Microsoft Visual Studio Solution File, Format Version 12.00
# Visual Studio Version 17
VisualStudioVersion = 17.2.32526.322
MinimumVisualStudioVersion = 10.0.40219.1
Project("{9A19103F-16F7-4668-BE54-9A1E7A4F7556}") = "NHibernateTransactionFilters", "src\NHibernateTransactionFilters\NHibernateTransactionFilters.csproj", "{9F9D751E-9D53-4B0B-B9E8-9B533507C088}"
EndProject
Project("{2150E333-8FDC-42A3-9474-1A3956D46DE8}") = "src", "src", "{A55F0E23-8244-4B56-AAC9-7504E0E01171}"
EndProject
Project("{2150E333-8FDC-42A3-9474-1A3956D46DE8}") = "test", "test", "{913517C7-CB18-4FF0-9E66-8554617228BC}"
EndProject
Project("{FAE04EC0-301F-11D3-BF4B-00C04F79EFBC}") = "NHibernateTransactionFiltersTests", "test\NHibernateTransactionFiltersTests\NHibernateTransactionFiltersTests.csproj", "{07CD0ECB-29FD-4FA0-8AB6-217158F4C6A5}"
EndProject
Global
	GlobalSection(SolutionConfigurationPlatforms) = preSolution
		Debug|Any CPU = Debug|Any CPU
		Release|Any CPU = Release|Any CPU
	EndGlobalSection
	GlobalSection(ProjectConfigurationPlatforms) = postSolution
		{9F9D751E-9D53-4B0B-B9E8-9B533507C088}.Debug|Any CPU.ActiveCfg = Debug|Any CPU
		{9F9D751E-9D53-4B0B-B9E8-9B533507C088}.Debug|Any CPU.Build.0 = Debug|Any CPU
		{9F9D751E-9D53-4B0B-B9E8-9B533507C088}.Release|Any CPU.ActiveCfg = Release|Any CPU
		{9F9D751E-9D53-4B0B-B9E8-9B533507C088}.Release|Any CPU.Build.0 = Release|Any CPU
		{07CD0ECB-29FD-4FA0-8AB6-217158F4C6A5}.Debug|Any CPU.ActiveCfg = Debug|Any CPU
		{07CD0ECB-29FD-4FA0-8AB6-217158F4C6A5}.Debug|Any CPU.Build.0 = Debug|Any CPU
		{07CD0ECB-29FD-4FA0-8AB6-217158F4C6A5}.Release|Any CPU.ActiveCfg = Release|Any CPU
		{07CD0ECB-29FD-4FA0-8AB6-217158F4C6A5}.Release|Any CPU.Build.0 = Release|Any CPU
	EndGlobalSection
	GlobalSection(SolutionProperties) = preSolution
		HideSolutionNode = FALSE
	EndGlobalSection
	GlobalSection(NestedProjects) = preSolution
		{9F9D751E-9D53-4B0B-B9E8-9B533507C088} = {A55F0E23-8244-4B56-AAC9-7504E0E01171}
		{07CD0ECB-29FD-4FA0-8AB6-217158F4C6A5} = {913517C7-CB18-4FF0-9E66-8554617228BC}
	EndGlobalSection
	GlobalSection(ExtensibilityGlobals) = postSolution
		SolutionGuid = {C6625224-A952-4CC4-98E3-B4F90665E422}
	EndGlobalSection
EndGlobal
